
Microsoft Visual Studio Solution File, Format Version 12.00
# Visual Studio 15
VisualStudioVersion = 15.0.27603.0
MinimumVisualStudioVersion = 10.0.40219.1
Project("{FAE04EC0-301F-11D3-BF4B-00C04F79EFBC}") = "VSIXProject", "VSIXProject\VSIXProject.csproj", "{CEB027AC-A502-4F18-869B-03DAF60DF681}"
EndProject
Global
	GlobalSection(SolutionConfigurationPlatforms) = preSolution
		Debug|Any CPU = Debug|Any CPU
		Release|Any CPU = Release|Any CPU
	EndGlobalSection
	GlobalSection(ProjectConfigurationPlatforms) = postSolution
		{CEB027AC-A502-4F18-869B-03DAF60DF681}.Debug|Any CPU.ActiveCfg = Debug|Any CPU
		{CEB027AC-A502-4F18-869B-03DAF60DF681}.Debug|Any CPU.Build.0 = Debug|Any CPU
		{CEB027AC-A502-4F18-869B-03DAF60DF681}.Release|Any CPU.ActiveCfg = Release|Any CPU
		{CEB027AC-A502-4F18-869B-03DAF60DF681}.Release|Any CPU.Build.0 = Release|Any CPU
	EndGlobalSection
	GlobalSection(SolutionProperties) = preSolution
		HideSolutionNode = FALSE
	EndGlobalSection
	GlobalSection(ExtensibilityGlobals) = postSolution
		SolutionGuid = {2A566A62-B68E-426A-AA1C-0F2FF4AAE181}
	EndGlobalSection
EndGlobal
